// !$*UTF8*$!
{
	archiveVersion = 1;
	classes = {
	};
	objectVersion = 50;
	objects = {

/* Begin PBXBuildFile section */
		EC5F1773263678370094E843 /* AppDelegate.swift in Sources */ = {isa = PBXBuildFile; fileRef = EC5F1772263678370094E843 /* AppDelegate.swift */; };
		EC5F1775263678370094E843 /* SceneDelegate.swift in Sources */ = {isa = PBXBuildFile; fileRef = EC5F1774263678370094E843 /* SceneDelegate.swift */; };
		EC5F1777263678370094E843 /* ViewController.swift in Sources */ = {isa = PBXBuildFile; fileRef = EC5F1776263678370094E843 /* ViewController.swift */; };
		EC5F177A263678370094E843 /* Main.storyboard in Resources */ = {isa = PBXBuildFile; fileRef = EC5F1778263678370094E843 /* Main.storyboard */; };
		EC5F177C263678390094E843 /* Assets.xcassets in Resources */ = {isa = PBXBuildFile; fileRef = EC5F177B263678390094E843 /* Assets.xcassets */; };
		EC5F177F263678390094E843 /* LaunchScreen.storyboard in Resources */ = {isa = PBXBuildFile; fileRef = EC5F177D263678390094E843 /* LaunchScreen.storyboard */; };
		EC5F1787263679610094E843 /* BoardView.swift in Sources */ = {isa = PBXBuildFile; fileRef = EC5F1786263679610094E843 /* BoardView.swift */; };
		EC5F178926367D980094E843 /* SnakeBoard.swift in Sources */ = {isa = PBXBuildFile; fileRef = EC5F178826367D980094E843 /* SnakeBoard.swift */; };
		EC5F178E26367FB60094E843 /* SnakeBoardTests.swift in Sources */ = {isa = PBXBuildFile; fileRef = EC5F178D26367FB60094E843 /* SnakeBoardTests.swift */; };
		EC5F17902636822A0094E843 /* SnakeCell.swift in Sources */ = {isa = PBXBuildFile; fileRef = EC5F178F2636822A0094E843 /* SnakeCell.swift */; };
		EC5F179226369E090094E843 /* MovingDirection.swift in Sources */ = {isa = PBXBuildFile; fileRef = EC5F179126369E090094E843 /* MovingDirection.swift */; };
		EC5F17962636B1050094E843 /* MenuViewController.swift in Sources */ = {isa = PBXBuildFile; fileRef = EC5F17952636B1050094E843 /* MenuViewController.swift */; };
/* End PBXBuildFile section */

/* Begin PBXFileReference section */
		EC5F176F263678370094E843 /* Snake.app */ = {isa = PBXFileReference; explicitFileType = wrapper.application; includeInIndex = 0; path = Snake.app; sourceTree = BUILT_PRODUCTS_DIR; };
		EC5F1772263678370094E843 /* AppDelegate.swift */ = {isa = PBXFileReference; lastKnownFileType = sourcecode.swift; path = AppDelegate.swift; sourceTree = "<group>"; };
		EC5F1774263678370094E843 /* SceneDelegate.swift */ = {isa = PBXFileReference; lastKnownFileType = sourcecode.swift; path = SceneDelegate.swift; sourceTree = "<group>"; };
		EC5F1776263678370094E843 /* ViewController.swift */ = {isa = PBXFileReference; lastKnownFileType = sourcecode.swift; path = ViewController.swift; sourceTree = "<group>"; };
		EC5F1779263678370094E843 /* Base */ = {isa = PBXFileReference; lastKnownFileType = file.storyboard; name = Base; path = Base.lproj/Main.storyboard; sourceTree = "<group>"; };
		EC5F177B263678390094E843 /* Assets.xcassets */ = {isa = PBXFileReference; lastKnownFileType = folder.assetcatalog; path = Assets.xcassets; sourceTree = "<group>"; };
		EC5F177E263678390094E843 /* Base */ = {isa = PBXFileReference; lastKnownFileType = file.storyboard; name = Base; path = Base.lproj/LaunchScreen.storyboard; sourceTree = "<group>"; };
		EC5F1780263678390094E843 /* Info.plist */ = {isa = PBXFileReference; lastKnownFileType = text.plist.xml; path = Info.plist; sourceTree = "<group>"; };
		EC5F1786263679610094E843 /* BoardView.swift */ = {isa = PBXFileReference; lastKnownFileType = sourcecode.swift; path = BoardView.swift; sourceTree = "<group>"; };
		EC5F178826367D980094E843 /* SnakeBoard.swift */ = {isa = PBXFileReference; lastKnownFileType = sourcecode.swift; path = SnakeBoard.swift; sourceTree = "<group>"; };
		EC5F178D26367FB60094E843 /* SnakeBoardTests.swift */ = {isa = PBXFileReference; lastKnownFileType = sourcecode.swift; path = SnakeBoardTests.swift; sourceTree = "<group>"; };
		EC5F178F2636822A0094E843 /* SnakeCell.swift */ = {isa = PBXFileReference; lastKnownFileType = sourcecode.swift; path = SnakeCell.swift; sourceTree = "<group>"; };
		EC5F179126369E090094E843 /* MovingDirection.swift */ = {isa = PBXFileReference; lastKnownFileType = sourcecode.swift; path = MovingDirection.swift; sourceTree = "<group>"; };
		EC5F17952636B1050094E843 /* MenuViewController.swift */ = {isa = PBXFileReference; lastKnownFileType = sourcecode.swift; path = MenuViewController.swift; sourceTree = "<group>"; };
/* End PBXFileReference section */

/* Begin PBXFrameworksBuildPhase section */
		EC5F176C263678370094E843 /* Frameworks */ = {
			isa = PBXFrameworksBuildPhase;
			buildActionMask = 2147483647;
			files = (
			);
			runOnlyForDeploymentPostprocessing = 0;
		};
/* End PBXFrameworksBuildPhase section */

/* Begin PBXGroup section */
		EC5F1766263678370094E843 = {
			isa = PBXGroup;
			children = (
				EC5F178A26367F3E0094E843 /* SnakeTests */,
				EC5F1771263678370094E843 /* Snake */,
				EC5F1770263678370094E843 /* Products */,
			);
			sourceTree = "<group>";
		};
		EC5F1770263678370094E843 /* Products */ = {
			isa = PBXGroup;
			children = (
				EC5F176F263678370094E843 /* Snake.app */,
			);
			name = Products;
			sourceTree = "<group>";
		};
		EC5F1771263678370094E843 /* Snake */ = {
			isa = PBXGroup;
			children = (
				EC5F1772263678370094E843 /* AppDelegate.swift */,
				EC5F1774263678370094E843 /* SceneDelegate.swift */,
				EC5F1776263678370094E843 /* ViewController.swift */,
				EC5F179126369E090094E843 /* MovingDirection.swift */,
				EC5F1786263679610094E843 /* BoardView.swift */,
				EC5F178826367D980094E843 /* SnakeBoard.swift */,
				EC5F178F2636822A0094E843 /* SnakeCell.swift */,
				EC5F1778263678370094E843 /* Main.storyboard */,
				EC5F177B263678390094E843 /* Assets.xcassets */,
				EC5F177D263678390094E843 /* LaunchScreen.storyboard */,
				EC5F1780263678390094E843 /* Info.plist */,
				EC5F17952636B1050094E843 /* MenuViewController.swift */,
			);
			path = Snake;
			sourceTree = "<group>";
		};
		EC5F178A26367F3E0094E843 /* SnakeTests */ = {
			isa = PBXGroup;
			children = (
				EC5F178D26367FB60094E843 /* SnakeBoardTests.swift */,
			);
			path = SnakeTests;
			sourceTree = "<group>";
		};
/* End PBXGroup section */

/* Begin PBXNativeTarget section */
		EC5F176E263678370094E843 /* Snake */ = {
			isa = PBXNativeTarget;
			buildConfigurationList = EC5F1783263678390094E843 /* Build configuration list for PBXNativeTarget "Snake" */;
			buildPhases = (
				EC5F176B263678370094E843 /* Sources */,
				EC5F176C263678370094E843 /* Frameworks */,
				EC5F176D263678370094E843 /* Resources */,
			);
			buildRules = (
			);
			dependencies = (
			);
			name = Snake;
			productName = Snake;
			productReference = EC5F176F263678370094E843 /* Snake.app */;
			productType = "com.apple.product-type.application";
		};
/* End PBXNativeTarget section */

/* Begin PBXProject section */
		EC5F1767263678370094E843 /* Project object */ = {
			isa = PBXProject;
			attributes = {
				LastSwiftUpdateCheck = 1120;
				LastUpgradeCheck = 1120;
				ORGANIZATIONNAME = TheSmurf;
				TargetAttributes = {
					EC5F176E263678370094E843 = {
						CreatedOnToolsVersion = 11.2;
					};
				};
			};
			buildConfigurationList = EC5F176A263678370094E843 /* Build configuration list for PBXProject "Snake" */;
			compatibilityVersion = "Xcode 9.3";
			developmentRegion = en;
			hasScannedForEncodings = 0;
			knownRegions = (
				en,
				Base,
			);
			mainGroup = EC5F1766263678370094E843;
			productRefGroup = EC5F1770263678370094E843 /* Products */;
			projectDirPath = "";
			projectRoot = "";
			targets = (
				EC5F176E263678370094E843 /* Snake */,
			);
		};
/* End PBXProject section */

/* Begin PBXResourcesBuildPhase section */
		EC5F176D263678370094E843 /* Resources */ = {
			isa = PBXResourcesBuildPhase;
			buildActionMask = 2147483647;
			files = (
				EC5F177F263678390094E843 /* LaunchScreen.storyboard in Resources */,
				EC5F177C263678390094E843 /* Assets.xcassets in Resources */,
				EC5F177A263678370094E843 /* Main.storyboard in Resources */,
			);
			runOnlyForDeploymentPostprocessing = 0;
		};
/* End PBXResourcesBuildPhase section */

/* Begin PBXSourcesBuildPhase section */
		EC5F176B263678370094E843 /* Sources */ = {
			isa = PBXSourcesBuildPhase;
			buildActionMask = 2147483647;
			files = (
				EC5F178926367D980094E843 /* SnakeBoard.swift in Sources */,
				EC5F179226369E090094E843 /* MovingDirection.swift in Sources */,
				EC5F178E26367FB60094E843 /* SnakeBoardTests.swift in Sources */,
				EC5F1777263678370094E843 /* ViewController.swift in Sources */,
				EC5F17962636B1050094E843 /* MenuViewController.swift in Sources */,
				EC5F1787263679610094E843 /* BoardView.swift in Sources */,
				EC5F1773263678370094E843 /* AppDelegate.swift in Sources */,
				EC5F17902636822A0094E843 /* SnakeCell.swift in Sources */,
				EC5F1775263678370094E843 /* SceneDelegate.swift in Sources */,
			);
			runOnlyForDeploymentPostprocessing = 0;
		};
/* End PBXSourcesBuildPhase section */

/* Begin PBXVariantGroup section */
		EC5F1778263678370094E843 /* Main.storyboard */ = {
			isa = PBXVariantGroup;
			children = (
				EC5F1779263678370094E843 /* Base */,
			);
			name = Main.storyboard;
			sourceTree = "<group>";
		};
		EC5F177D263678390094E843 /* LaunchScreen.storyboard */ = {
			isa = PBXVariantGroup;
			children = (
				EC5F177E263678390094E843 /* Base */,
			);
			name = LaunchScreen.storyboard;
			sourceTree = "<group>";
		};
/* End PBXVariantGroup section */

/* Begin XCBuildConfiguration section */
		EC5F1781263678390094E843 /* Debug */ = {
			isa = XCBuildConfiguration;
			buildSettings = {
				ALWAYS_SEARCH_USER_PATHS = NO;
				CLANG_ANALYZER_NONNULL = YES;
				CLANG_ANALYZER_NUMBER_OBJECT_CONVERSION = YES_AGGRESSIVE;
				CLANG_CXX_LANGUAGE_STANDARD = "gnu++14";
				CLANG_CXX_LIBRARY = "libc++";
				CLANG_ENABLE_MODULES = YES;
				CLANG_ENABLE_OBJC_ARC = YES;
				CLANG_ENABLE_OBJC_WEAK = YES;
				CLANG_WARN_BLOCK_CAPTURE_AUTORELEASING = YES;
				CLANG_WARN_BOOL_CONVERSION = YES;
				CLANG_WARN_COMMA = YES;
				CLANG_WARN_CONSTANT_CONVERSION = YES;
				CLANG_WARN_DEPRECATED_OBJC_IMPLEMENTATIONS = YES;
				CLANG_WARN_DIRECT_OBJC_ISA_USAGE = YES_ERROR;
				CLANG_WARN_DOCUMENTATION_COMMENTS = YES;
				CLANG_WARN_EMPTY_BODY = YES;
				CLANG_WARN_ENUM_CONVERSION = YES;
				CLANG_WARN_INFINITE_RECURSION = YES;
				CLANG_WARN_INT_CONVERSION = YES;
				CLANG_WARN_NON_LITERAL_NULL_CONVERSION = YES;
				CLANG_WARN_OBJC_IMPLICIT_RETAIN_SELF = YES;
				CLANG_WARN_OBJC_LITERAL_CONVERSION = YES;
				CLANG_WARN_OBJC_ROOT_CLASS = YES_ERROR;
				CLANG_WARN_RANGE_LOOP_ANALYSIS = YES;
				CLANG_WARN_STRICT_PROTOTYPES = YES;
				CLANG_WARN_SUSPICIOUS_MOVE = YES;
				CLANG_WARN_UNGUARDED_AVAILABILITY = YES_AGGRESSIVE;
				CLANG_WARN_UNREACHABLE_CODE = YES;
				CLANG_WARN__DUPLICATE_METHOD_MATCH = YES;
				COPY_PHASE_STRIP = NO;
				DEBUG_INFORMATION_FORMAT = dwarf;
				ENABLE_STRICT_OBJC_MSGSEND = YES;
				ENABLE_TESTABILITY = YES;
				GCC_C_LANGUAGE_STANDARD = gnu11;
				GCC_DYNAMIC_NO_PIC = NO;
				GCC_NO_COMMON_BLOCKS = YES;
				GCC_OPTIMIZATION_LEVEL = 0;
				GCC_PREPROCESSOR_DEFINITIONS = (
					"DEBUG=1",
					"$(inherited)",
				);
				GCC_WARN_64_TO_32_BIT_CONVERSION = YES;
				GCC_WARN_ABOUT_RETURN_TYPE = YES_ERROR;
				GCC_WARN_UNDECLARED_SELECTOR = YES;
				GCC_WARN_UNINITIALIZED_AUTOS = YES_AGGRESSIVE;
				GCC_WARN_UNUSED_FUNCTION = YES;
				GCC_WARN_UNUSED_VARIABLE = YES;
				IPHONEOS_DEPLOYMENT_TARGET = 13.2;
				MTL_ENABLE_DEBUG_INFO = INCLUDE_SOURCE;
				MTL_FAST_MATH = YES;
				ONLY_ACTIVE_ARCH = YES;
				SDKROOT = iphoneos;
				SWIFT_ACTIVE_COMPILATION_CONDITIONS = DEBUG;
				SWIFT_OPTIMIZATION_LEVEL = "-Onone";
			};
			name = Debug;
		};
		EC5F1782263678390094E843 /* Release */ = {
			isa = XCBuildConfiguration;
			buildSettings = {
				ALWAYS_SEARCH_USER_PATHS = NO;
				CLANG_ANALYZER_NONNULL = YES;
				CLANG_ANALYZER_NUMBER_OBJECT_CONVERSION = YES_AGGRESSIVE;
				CLANG_CXX_LANGUAGE_STANDARD = "gnu++14";
				CLANG_CXX_LIBRARY = "libc++";
				CLANG_ENABLE_MODULES = YES;
				CLANG_ENABLE_OBJC_ARC = YES;
				CLANG_ENABLE_OBJC_WEAK = YES;
				CLANG_WARN_BLOCK_CAPTURE_AUTORELEASING = YES;
				CLANG_WARN_BOOL_CONVERSION = YES;
				CLANG_WARN_COMMA = YES;
				CLANG_WARN_CONSTANT_CONVERSION = YES;
				CLANG_WARN_DEPRECATED_OBJC_IMPLEMENTATIONS = YES;
				CLANG_WARN_DIRECT_OBJC_ISA_USAGE = YES_ERROR;
				CLANG_WARN_DOCUMENTATION_COMMENTS = YES;
				CLANG_WARN_EMPTY_BODY = YES;
				CLANG_WARN_ENUM_CONVERSION = YES;
				CLANG_WARN_INFINITE_RECURSION = YES;
				CLANG_WARN_INT_CONVERSION = YES;
				CLANG_WARN_NON_LITERAL_NULL_CONVERSION = YES;
				CLANG_WARN_OBJC_IMPLICIT_RETAIN_SELF = YES;
				CLANG_WARN_OBJC_LITERAL_CONVERSION = YES;
				CLANG_WARN_OBJC_ROOT_CLASS = YES_ERROR;
				CLANG_WARN_RANGE_LOOP_ANALYSIS = YES;
				CLANG_WARN_STRICT_PROTOTYPES = YES;
				CLANG_WARN_SUSPICIOUS_MOVE = YES;
				CLANG_WARN_UNGUARDED_AVAILABILITY = YES_AGGRESSIVE;
				CLANG_WARN_UNREACHABLE_CODE = YES;
				CLANG_WARN__DUPLICATE_METHOD_MATCH = YES;
				COPY_PHASE_STRIP = NO;
				DEBUG_INFORMATION_FORMAT = "dwarf-with-dsym";
				ENABLE_NS_ASSERTIONS = NO;
				ENABLE_STRICT_OBJC_MSGSEND = YES;
				GCC_C_LANGUAGE_STANDARD = gnu11;
				GCC_NO_COMMON_BLOCKS = YES;
				GCC_WARN_64_TO_32_BIT_CONVERSION = YES;
				GCC_WARN_ABOUT_RETURN_TYPE = YES_ERROR;
				GCC_WARN_UNDECLARED_SELECTOR = YES;
				GCC_WARN_UNINITIALIZED_AUTOS = YES_AGGRESSIVE;
				GCC_WARN_UNUSED_FUNCTION = YES;
				GCC_WARN_UNUSED_VARIABLE = YES;
				IPHONEOS_DEPLOYMENT_TARGET = 13.2;
				MTL_ENABLE_DEBUG_INFO = NO;
				MTL_FAST_MATH = YES;
				SDKROOT = iphoneos;
				SWIFT_COMPILATION_MODE = wholemodule;
				SWIFT_OPTIMIZATION_LEVEL = "-O";
				VALIDATE_PRODUCT = YES;
			};
			name = Release;
		};
		EC5F1784263678390094E843 /* Debug */ = {
			isa = XCBuildConfiguration;
			buildSettings = {
				ASSETCATALOG_COMPILER_APPICON_NAME = AppIcon;
				CODE_SIGN_STYLE = Automatic;
				INFOPLIST_FILE = Snake/Info.plist;
				LD_RUNPATH_SEARCH_PATHS = (
					"$(inherited)",
					"@executable_path/Frameworks",
				);
				PRODUCT_BUNDLE_IDENTIFIER = HotSausage.Snake;
				PRODUCT_NAME = "$(TARGET_NAME)";
				SWIFT_VERSION = 5.0;
				TARGETED_DEVICE_FAMILY = "1,2";
			};
			name = Debug;
		};
		EC5F1785263678390094E843 /* Release */ = {
			isa = XCBuildConfiguration;
			buildSettings = {
				ASSETCATALOG_COMPILER_APPICON_NAME = AppIcon;
				CODE_SIGN_STYLE = Automatic;
				INFOPLIST_FILE = Snake/Info.plist;
				LD_RUNPATH_SEARCH_PATHS = (
					"$(inherited)",
					"@executable_path/Frameworks",
				);
				PRODUCT_BUNDLE_IDENTIFIER = HotSausage.Snake;
				PRODUCT_NAME = "$(TARGET_NAME)";
				SWIFT_VERSION = 5.0;
				TARGETED_DEVICE_FAMILY = "1,2";
			};
			name = Release;
		};
/* End XCBuildConfiguration section */

/* Begin XCConfigurationList section */
		EC5F176A263678370094E843 /* Build configuration list for PBXProject "Snake" */ = {
			isa = XCConfigurationList;
			buildConfigurations = (
				EC5F1781263678390094E843 /* Debug */,
				EC5F1782263678390094E843 /* Release */,
			);
			defaultConfigurationIsVisible = 0;
			defaultConfigurationName = Release;
		};
		EC5F1783263678390094E843 /* Build configuration list for PBXNativeTarget "Snake" */ = {
			isa = XCConfigurationList;
			buildConfigurations = (
				EC5F1784263678390094E843 /* Debug */,
				EC5F1785263678390094E843 /* Release */,
			);
			defaultConfigurationIsVisible = 0;
			defaultConfigurationName = Release;
		};
/* End XCConfigurationList section */
	};
	rootObject = EC5F1767263678370094E843 /* Project object */;
}
